# THIS IS AN AUTOGENERATED FILE. DO NOT EDIT THIS FILE DIRECTLY.
# yarn lockfile v1


"@vercel/ncc@^0.33.4":
  version "0.33.4"
  resolved "https://registry.yarnpkg.com/@vercel/ncc/-/ncc-0.33.4.tgz#e44a87511f583b7ba88e4b9ae90eeb7ba252b872"
  integrity sha512-ln18hs7dMffelP47tpkaR+V5Tj6coykNyxJrlcmCormPqRQjB/Gv4cu2FfBG+PMzIfdZp2CLDsrrB1NPU22Qhg==
